// !$*UTF8*$!
{
	archiveVersion = 1;
	classes = {
	};
	objectVersion = 46;
	objects = {

/* Begin PBXBuildFile section */
		6F0494871EC57AB3000CB379 /* AppDelegate.swift in Sources */ = {isa = PBXBuildFile; fileRef = 6F0494861EC57AB3000CB379 /* AppDelegate.swift */; };
		6F0494891EC57AB3000CB379 /* ViewController.swift in Sources */ = {isa = PBXBuildFile; fileRef = 6F0494881EC57AB3000CB379 /* ViewController.swift */; };
		6F04948C1EC57AB3000CB379 /* Main.storyboard in Resources */ = {isa = PBXBuildFile; fileRef = 6F04948A1EC57AB3000CB379 /* Main.storyboard */; };
		6F04948E1EC57AB3000CB379 /* Assets.xcassets in Resources */ = {isa = PBXBuildFile; fileRef = 6F04948D1EC57AB3000CB379 /* Assets.xcassets */; };
		6F0494911EC57AB3000CB379 /* LaunchScreen.storyboard in Resources */ = {isa = PBXBuildFile; fileRef = 6F04948F1EC57AB3000CB379 /* LaunchScreen.storyboard */; };
		6F04949C1EC57AB3000CB379 /* PropertyListsTests.swift in Sources */ = {isa = PBXBuildFile; fileRef = 6F04949B1EC57AB3000CB379 /* PropertyListsTests.swift */; };
		6F0494A71EC57AB3000CB379 /* PropertyListsUITests.swift in Sources */ = {isa = PBXBuildFile; fileRef = 6F0494A61EC57AB3000CB379 /* PropertyListsUITests.swift */; };
		6F0494B51EC57AB3000CB379 /* plistData.plist in Resources */ = {isa = PBXBuildFile; fileRef = 6F0494B41EC57AB3000CB379 /* plistData.plist */; };
/* End PBXBuildFile section */

/* Begin PBXContainerItemProxy section */
		6F0494981EC57AB3000CB379 /* PBXContainerItemProxy */ = {
			isa = PBXContainerItemProxy;
			containerPortal = 6F04947B1EC57AB3000CB379 /* Project object */;
			proxyType = 1;
			remoteGlobalIDString = 6F0494821EC57AB3000CB379;
			remoteInfo = PropertyLists;
		};
		6F0494A31EC57AB3000CB379 /* PBXContainerItemProxy */ = {
			isa = PBXContainerItemProxy;
			containerPortal = 6F04947B1EC57AB3000CB379 /* Project object */;
			proxyType = 1;
			remoteGlobalIDString = 6F0494821EC57AB3000CB379;
			remoteInfo = PropertyLists;
		};
/* End PBXContainerItemProxy section */

/* Begin PBXFileReference section */
		6F0494831EC57AB3000CB379 /* PropertyLists.app */ = {isa = PBXFileReference; explicitFileType = wrapper.application; includeInIndex = 0; path = PropertyLists.app; sourceTree = BUILT_PRODUCTS_DIR; };
		6F0494861EC57AB3000CB379 /* AppDelegate.swift */ = {isa = PBXFileReference; lastKnownFileType = sourcecode.swift; path = AppDelegate.swift; sourceTree = "<group>"; };
		6F0494881EC57AB3000CB379 /* ViewController.swift */ = {isa = PBXFileReference; lastKnownFileType = sourcecode.swift; path = ViewController.swift; sourceTree = "<group>"; };
		6F04948B1EC57AB3000CB379 /* Base */ = {isa = PBXFileReference; lastKnownFileType = file.storyboard; name = Base; path = Base.lproj/Main.storyboard; sourceTree = "<group>"; };
		6F04948D1EC57AB3000CB379 /* Assets.xcassets */ = {isa = PBXFileReference; lastKnownFileType = folder.assetcatalog; path = Assets.xcassets; sourceTree = "<group>"; };
		6F0494901EC57AB3000CB379 /* Base */ = {isa = PBXFileReference; lastKnownFileType = file.storyboard; name = Base; path = Base.lproj/LaunchScreen.storyboard; sourceTree = "<group>"; };
		6F0494921EC57AB3000CB379 /* Info.plist */ = {isa = PBXFileReference; lastKnownFileType = text.plist.xml; path = Info.plist; sourceTree = "<group>"; };
		6F0494971EC57AB3000CB379 /* PropertyListsTests.xctest */ = {isa = PBXFileReference; explicitFileType = wrapper.cfbundle; includeInIndex = 0; path = PropertyListsTests.xctest; sourceTree = BUILT_PRODUCTS_DIR; };
		6F04949B1EC57AB3000CB379 /* PropertyListsTests.swift */ = {isa = PBXFileReference; lastKnownFileType = sourcecode.swift; path = PropertyListsTests.swift; sourceTree = "<group>"; };
		6F04949D1EC57AB3000CB379 /* Info.plist */ = {isa = PBXFileReference; lastKnownFileType = text.plist.xml; path = Info.plist; sourceTree = "<group>"; };
		6F0494A21EC57AB3000CB379 /* PropertyListsUITests.xctest */ = {isa = PBXFileReference; explicitFileType = wrapper.cfbundle; includeInIndex = 0; path = PropertyListsUITests.xctest; sourceTree = BUILT_PRODUCTS_DIR; };
		6F0494A61EC57AB3000CB379 /* PropertyListsUITests.swift */ = {isa = PBXFileReference; lastKnownFileType = sourcecode.swift; path = PropertyListsUITests.swift; sourceTree = "<group>"; };
		6F0494A81EC57AB3000CB379 /* Info.plist */ = {isa = PBXFileReference; lastKnownFileType = text.plist.xml; path = Info.plist; sourceTree = "<group>"; };
		6F0494B41EC57AB3000CB379 /* plistData.plist */ = {isa = PBXFileReference; fileEncoding = 4; lastKnownFileType = text.plist.xml; path = plistData.plist; sourceTree = "<group>"; };
/* End PBXFileReference section */

/* Begin PBXFrameworksBuildPhase section */
		6F0494801EC57AB3000CB379 /* Frameworks */ = {
			isa = PBXFrameworksBuildPhase;
			buildActionMask = 2147483647;
			files = (
			);
			runOnlyForDeploymentPostprocessing = 0;
		};
		6F0494941EC57AB3000CB379 /* Frameworks */ = {
			isa = PBXFrameworksBuildPhase;
			buildActionMask = 2147483647;
			files = (
			);
			runOnlyForDeploymentPostprocessing = 0;
		};
		6F04949F1EC57AB3000CB379 /* Frameworks */ = {
			isa = PBXFrameworksBuildPhase;
			buildActionMask = 2147483647;
			files = (
			);
			runOnlyForDeploymentPostprocessing = 0;
		};
/* End PBXFrameworksBuildPhase section */

/* Begin PBXGroup section */
		6F04947A1EC57AB3000CB379 = {
			isa = PBXGroup;
			children = (
				6F0494851EC57AB3000CB379 /* PropertyLists */,
				6F04949A1EC57AB3000CB379 /* PropertyListsTests */,
				6F0494A51EC57AB3000CB379 /* PropertyListsUITests */,
				6F0494841EC57AB3000CB379 /* Products */,
			);
			sourceTree = "<group>";
		};
		6F0494841EC57AB3000CB379 /* Products */ = {
			isa = PBXGroup;
			children = (
				6F0494831EC57AB3000CB379 /* PropertyLists.app */,
				6F0494971EC57AB3000CB379 /* PropertyListsTests.xctest */,
				6F0494A21EC57AB3000CB379 /* PropertyListsUITests.xctest */,
			);
			name = Products;
			sourceTree = "<group>";
		};
		6F0494851EC57AB3000CB379 /* PropertyLists */ = {
			isa = PBXGroup;
			children = (
				6F0494861EC57AB3000CB379 /* AppDelegate.swift */,
				6F0494881EC57AB3000CB379 /* ViewController.swift */,
				6F0494B41EC57AB3000CB379 /* plistData.plist */,
				6F04948A1EC57AB3000CB379 /* Main.storyboard */,
				6F04948D1EC57AB3000CB379 /* Assets.xcassets */,
				6F04948F1EC57AB3000CB379 /* LaunchScreen.storyboard */,
				6F0494921EC57AB3000CB379 /* Info.plist */,
			);
			path = PropertyLists;
			sourceTree = "<group>";
		};
		6F04949A1EC57AB3000CB379 /* PropertyListsTests */ = {
			isa = PBXGroup;
			children = (
				6F04949B1EC57AB3000CB379 /* PropertyListsTests.swift */,
				6F04949D1EC57AB3000CB379 /* Info.plist */,
			);
			path = PropertyListsTests;
			sourceTree = "<group>";
		};
		6F0494A51EC57AB3000CB379 /* PropertyListsUITests */ = {
			isa = PBXGroup;
			children = (
				6F0494A61EC57AB3000CB379 /* PropertyListsUITests.swift */,
				6F0494A81EC57AB3000CB379 /* Info.plist */,
			);
			path = PropertyListsUITests;
			sourceTree = "<group>";
		};
/* End PBXGroup section */

/* Begin PBXNativeTarget section */
		6F0494821EC57AB3000CB379 /* PropertyLists */ = {
			isa = PBXNativeTarget;
			buildConfigurationList = 6F0494AB1EC57AB3000CB379 /* Build configuration list for PBXNativeTarget "PropertyLists" */;
			buildPhases = (
				6F04947F1EC57AB3000CB379 /* Sources */,
				6F0494801EC57AB3000CB379 /* Frameworks */,
				6F0494811EC57AB3000CB379 /* Resources */,
			);
			buildRules = (
			);
			dependencies = (
			);
			name = PropertyLists;
			productName = PropertyLists;
			productReference = 6F0494831EC57AB3000CB379 /* PropertyLists.app */;
			productType = "com.apple.product-type.application";
		};
		6F0494961EC57AB3000CB379 /* PropertyListsTests */ = {
			isa = PBXNativeTarget;
			buildConfigurationList = 6F0494AE1EC57AB3000CB379 /* Build configuration list for PBXNativeTarget "PropertyListsTests" */;
			buildPhases = (
				6F0494931EC57AB3000CB379 /* Sources */,
				6F0494941EC57AB3000CB379 /* Frameworks */,
				6F0494951EC57AB3000CB379 /* Resources */,
			);
			buildRules = (
			);
			dependencies = (
				6F0494991EC57AB3000CB379 /* PBXTargetDependency */,
			);
			name = PropertyListsTests;
			productName = PropertyListsTests;
			productReference = 6F0494971EC57AB3000CB379 /* PropertyListsTests.xctest */;
			productType = "com.apple.product-type.bundle.unit-test";
		};
		6F0494A11EC57AB3000CB379 /* PropertyListsUITests */ = {
			isa = PBXNativeTarget;
			buildConfigurationList = 6F0494B11EC57AB3000CB379 /* Build configuration list for PBXNativeTarget "PropertyListsUITests" */;
			buildPhases = (
				6F04949E1EC57AB3000CB379 /* Sources */,
				6F04949F1EC57AB3000CB379 /* Frameworks */,
				6F0494A01EC57AB3000CB379 /* Resources */,
			);
			buildRules = (
			);
			dependencies = (
				6F0494A41EC57AB3000CB379 /* PBXTargetDependency */,
			);
			name = PropertyListsUITests;
			productName = PropertyListsUITests;
			productReference = 6F0494A21EC57AB3000CB379 /* PropertyListsUITests.xctest */;
			productType = "com.apple.product-type.bundle.ui-testing";
		};
/* End PBXNativeTarget section */

/* Begin PBXProject section */
		6F04947B1EC57AB3000CB379 /* Project object */ = {
			isa = PBXProject;
			attributes = {
				LastSwiftUpdateCheck = 0830;
				LastUpgradeCheck = 0830;
				ORGANIZATIONNAME = "tran trung thanh";
				TargetAttributes = {
					6F0494821EC57AB3000CB379 = {
						CreatedOnToolsVersion = 8.3.2;
						ProvisioningStyle = Automatic;
					};
					6F0494961EC57AB3000CB379 = {
						CreatedOnToolsVersion = 8.3.2;
						ProvisioningStyle = Automatic;
						TestTargetID = 6F0494821EC57AB3000CB379;
					};
					6F0494A11EC57AB3000CB379 = {
						CreatedOnToolsVersion = 8.3.2;
						ProvisioningStyle = Automatic;
						TestTargetID = 6F0494821EC57AB3000CB379;
					};
				};
			};
			buildConfigurationList = 6F04947E1EC57AB3000CB379 /* Build configuration list for PBXProject "PropertyLists" */;
			compatibilityVersion = "Xcode 3.2";
			developmentRegion = English;
			hasScannedForEncodings = 0;
			knownRegions = (
				en,
				Base,
			);
			mainGroup = 6F04947A1EC57AB3000CB379;
			productRefGroup = 6F0494841EC57AB3000CB379 /* Products */;
			projectDirPath = "";
			projectRoot = "";
			targets = (
				6F0494821EC57AB3000CB379 /* PropertyLists */,
				6F0494961EC57AB3000CB379 /* PropertyListsTests */,
				6F0494A11EC57AB3000CB379 /* PropertyListsUITests */,
			);
		};
/* End PBXProject section */

/* Begin PBXResourcesBuildPhase section */
		6F0494811EC57AB3000CB379 /* Resources */ = {
			isa = PBXResourcesBuildPhase;
			buildActionMask = 2147483647;
			files = (
				6F0494911EC57AB3000CB379 /* LaunchScreen.storyboard in Resources */,
				6F04948E1EC57AB3000CB379 /* Assets.xcassets in Resources */,
				6F04948C1EC57AB3000CB379 /* Main.storyboard in Resources */,
				6F0494B51EC57AB3000CB379 /* plistData.plist in Resources */,
			);
			runOnlyForDeploymentPostprocessing = 0;
		};
		6F0494951EC57AB3000CB379 /* Resources */ = {
			isa = PBXResourcesBuildPhase;
			buildActionMask = 2147483647;
			files = (
			);
			runOnlyForDeploymentPostprocessing = 0;
		};
		6F0494A01EC57AB3000CB379 /* Resources */ = {
			isa = PBXResourcesBuildPhase;
			buildActionMask = 2147483647;
			files = (
			);
			runOnlyForDeploymentPostprocessing = 0;
		};
/* End PBXResourcesBuildPhase section */

/* Begin PBXSourcesBuildPhase section */
		6F04947F1EC57AB3000CB379 /* Sources */ = {
			isa = PBXSourcesBuildPhase;
			buildActionMask = 2147483647;
			files = (
				6F0494891EC57AB3000CB379 /* ViewController.swift in Sources */,
				6F0494871EC57AB3000CB379 /* AppDelegate.swift in Sources */,
			);
			runOnlyForDeploymentPostprocessing = 0;
		};
		6F0494931EC57AB3000CB379 /* Sources */ = {
			isa = PBXSourcesBuildPhase;
			buildActionMask = 2147483647;
			files = (
				6F04949C1EC57AB3000CB379 /* PropertyListsTests.swift in Sources */,
			);
			runOnlyForDeploymentPostprocessing = 0;
		};
		6F04949E1EC57AB3000CB379 /* Sources */ = {
			isa = PBXSourcesBuildPhase;
			buildActionMask = 2147483647;
			files = (
				6F0494A71EC57AB3000CB379 /* PropertyListsUITests.swift in Sources */,
			);
			runOnlyForDeploymentPostprocessing = 0;
		};
/* End PBXSourcesBuildPhase section */

/* Begin PBXTargetDependency section */
		6F0494991EC57AB3000CB379 /* PBXTargetDependency */ = {
			isa = PBXTargetDependency;
			target = 6F0494821EC57AB3000CB379 /* PropertyLists */;
			targetProxy = 6F0494981EC57AB3000CB379 /* PBXContainerItemProxy */;
		};
		6F0494A41EC57AB3000CB379 /* PBXTargetDependency */ = {
			isa = PBXTargetDependency;
			target = 6F0494821EC57AB3000CB379 /* PropertyLists */;
			targetProxy = 6F0494A31EC57AB3000CB379 /* PBXContainerItemProxy */;
		};
/* End PBXTargetDependency section */

/* Begin PBXVariantGroup section */
		6F04948A1EC57AB3000CB379 /* Main.storyboard */ = {
			isa = PBXVariantGroup;
			children = (
				6F04948B1EC57AB3000CB379 /* Base */,
			);
			name = Main.storyboard;
			sourceTree = "<group>";
		};
		6F04948F1EC57AB3000CB379 /* LaunchScreen.storyboard */ = {
			isa = PBXVariantGroup;
			children = (
				6F0494901EC57AB3000CB379 /* Base */,
			);
			name = LaunchScreen.storyboard;
			sourceTree = "<group>";
		};
/* End PBXVariantGroup section */

/* Begin XCBuildConfiguration section */
		6F0494A91EC57AB3000CB379 /* Debug */ = {
			isa = XCBuildConfiguration;
			buildSettings = {
				ALWAYS_SEARCH_USER_PATHS = NO;
				CLANG_ANALYZER_NONNULL = YES;
				CLANG_ANALYZER_NUMBER_OBJECT_CONVERSION = YES_AGGRESSIVE;
				CLANG_CXX_LANGUAGE_STANDARD = "gnu++0x";
				CLANG_CXX_LIBRARY = "libc++";
				CLANG_ENABLE_MODULES = YES;
				CLANG_ENABLE_OBJC_ARC = YES;
				CLANG_WARN_BOOL_CONVERSION = YES;
				CLANG_WARN_CONSTANT_CONVERSION = YES;
				CLANG_WARN_DIRECT_OBJC_ISA_USAGE = YES_ERROR;
				CLANG_WARN_DOCUMENTATION_COMMENTS = YES;
				CLANG_WARN_EMPTY_BODY = YES;
				CLANG_WARN_ENUM_CONVERSION = YES;
				CLANG_WARN_INFINITE_RECURSION = YES;
				CLANG_WARN_INT_CONVERSION = YES;
				CLANG_WARN_OBJC_ROOT_CLASS = YES_ERROR;
				CLANG_WARN_SUSPICIOUS_MOVE = YES;
				CLANG_WARN_UNREACHABLE_CODE = YES;
				CLANG_WARN__DUPLICATE_METHOD_MATCH = YES;
				"CODE_SIGN_IDENTITY[sdk=iphoneos*]" = "iPhone Developer";
				COPY_PHASE_STRIP = NO;
				DEBUG_INFORMATION_FORMAT = dwarf;
				ENABLE_STRICT_OBJC_MSGSEND = YES;
				ENABLE_TESTABILITY = YES;
				GCC_C_LANGUAGE_STANDARD = gnu99;
				GCC_DYNAMIC_NO_PIC = NO;
				GCC_NO_COMMON_BLOCKS = YES;
				GCC_OPTIMIZATION_LEVEL = 0;
				GCC_PREPROCESSOR_DEFINITIONS = (
					"DEBUG=1",
					"$(inherited)",
				);
				GCC_WARN_64_TO_32_BIT_CONVERSION = YES;
				GCC_WARN_ABOUT_RETURN_TYPE = YES_ERROR;
				GCC_WARN_UNDECLARED_SELECTOR = YES;
				GCC_WARN_UNINITIALIZED_AUTOS = YES_AGGRESSIVE;
				GCC_WARN_UNUSED_FUNCTION = YES;
				GCC_WARN_UNUSED_VARIABLE = YES;
				IPHONEOS_DEPLOYMENT_TARGET = 10.3;
				MTL_ENABLE_DEBUG_INFO = YES;
				ONLY_ACTIVE_ARCH = YES;
				SDKROOT = iphoneos;
				SWIFT_ACTIVE_COMPILATION_CONDITIONS = DEBUG;
				SWIFT_OPTIMIZATION_LEVEL = "-Onone";
				TARGETED_DEVICE_FAMILY = "1,2";
			};
			name = Debug;
		};
		6F0494AA1EC57AB3000CB379 /* Release */ = {
			isa = XCBuildConfiguration;
			buildSettings = {
				ALWAYS_SEARCH_USER_PATHS = NO;
				CLANG_ANALYZER_NONNULL = YES;
				CLANG_ANALYZER_NUMBER_OBJECT_CONVERSION = YES_AGGRESSIVE;
				CLANG_CXX_LANGUAGE_STANDARD = "gnu++0x";
				CLANG_CXX_LIBRARY = "libc++";
				CLANG_ENABLE_MODULES = YES;
				CLANG_ENABLE_OBJC_ARC = YES;
				CLANG_WARN_BOOL_CONVERSION = YES;
				CLANG_WARN_CONSTANT_CONVERSION = YES;
				CLANG_WARN_DIRECT_OBJC_ISA_USAGE = YES_ERROR;
				CLANG_WARN_DOCUMENTATION_COMMENTS = YES;
				CLANG_WARN_EMPTY_BODY = YES;
				CLANG_WARN_ENUM_CONVERSION = YES;
				CLANG_WARN_INFINITE_RECURSION = YES;
				CLANG_WARN_INT_CONVERSION = YES;
				CLANG_WARN_OBJC_ROOT_CLASS = YES_ERROR;
				CLANG_WARN_SUSPICIOUS_MOVE = YES;
				CLANG_WARN_UNREACHABLE_CODE = YES;
				CLANG_WARN__DUPLICATE_METHOD_MATCH = YES;
				"CODE_SIGN_IDENTITY[sdk=iphoneos*]" = "iPhone Developer";
				COPY_PHASE_STRIP = NO;
				DEBUG_INFORMATION_FORMAT = "dwarf-with-dsym";
				ENABLE_NS_ASSERTIONS = NO;
				ENABLE_STRICT_OBJC_MSGSEND = YES;
				GCC_C_LANGUAGE_STANDARD = gnu99;
				GCC_NO_COMMON_BLOCKS = YES;
				GCC_WARN_64_TO_32_BIT_CONVERSION = YES;
				GCC_WARN_ABOUT_RETURN_TYPE = YES_ERROR;
				GCC_WARN_UNDECLARED_SELECTOR = YES;
				GCC_WARN_UNINITIALIZED_AUTOS = YES_AGGRESSIVE;
				GCC_WARN_UNUSED_FUNCTION = YES;
				GCC_WARN_UNUSED_VARIABLE = YES;
				IPHONEOS_DEPLOYMENT_TARGET = 10.3;
				MTL_ENABLE_DEBUG_INFO = NO;
				SDKROOT = iphoneos;
				SWIFT_OPTIMIZATION_LEVEL = "-Owholemodule";
				TARGETED_DEVICE_FAMILY = "1,2";
				VALIDATE_PRODUCT = YES;
			};
			name = Release;
		};
		6F0494AC1EC57AB3000CB379 /* Debug */ = {
			isa = XCBuildConfiguration;
			buildSettings = {
				ASSETCATALOG_COMPILER_APPICON_NAME = AppIcon;
				INFOPLIST_FILE = PropertyLists/Info.plist;
				LD_RUNPATH_SEARCH_PATHS = "$(inherited) @executable_path/Frameworks";
				PRODUCT_BUNDLE_IDENTIFIER = CandySearch.PropertyLists;
				PRODUCT_NAME = "$(TARGET_NAME)";
				SWIFT_VERSION = 3.0;
			};
			name = Debug;
		};
		6F0494AD1EC57AB3000CB379 /* Release */ = {
			isa = XCBuildConfiguration;
			buildSettings = {
				ASSETCATALOG_COMPILER_APPICON_NAME = AppIcon;
				INFOPLIST_FILE = PropertyLists/Info.plist;
				LD_RUNPATH_SEARCH_PATHS = "$(inherited) @executable_path/Frameworks";
				PRODUCT_BUNDLE_IDENTIFIER = CandySearch.PropertyLists;
				PRODUCT_NAME = "$(TARGET_NAME)";
				SWIFT_VERSION = 3.0;
			};
			name = Release;
		};
		6F0494AF1EC57AB3000CB379 /* Debug */ = {
			isa = XCBuildConfiguration;
			buildSettings = {
				ALWAYS_EMBED_SWIFT_STANDARD_LIBRARIES = YES;
				BUNDLE_LOADER = "$(TEST_HOST)";
				INFOPLIST_FILE = PropertyListsTests/Info.plist;
				LD_RUNPATH_SEARCH_PATHS = "$(inherited) @executable_path/Frameworks @loader_path/Frameworks";
				PRODUCT_BUNDLE_IDENTIFIER = CandySearch.PropertyListsTests;
				PRODUCT_NAME = "$(TARGET_NAME)";
				SWIFT_VERSION = 3.0;
				TEST_HOST = "$(BUILT_PRODUCTS_DIR)/PropertyLists.app/PropertyLists";
			};
			name = Debug;
		};
		6F0494B01EC57AB3000CB379 /* Release */ = {
			isa = XCBuildConfiguration;
			buildSettings = {
				ALWAYS_EMBED_SWIFT_STANDARD_LIBRARIES = YES;
				BUNDLE_LOADER = "$(TEST_HOST)";
				INFOPLIST_FILE = PropertyListsTests/Info.plist;
				LD_RUNPATH_SEARCH_PATHS = "$(inherited) @executable_path/Frameworks @loader_path/Frameworks";
				PRODUCT_BUNDLE_IDENTIFIER = CandySearch.PropertyListsTests;
				PRODUCT_NAME = "$(TARGET_NAME)";
				SWIFT_VERSION = 3.0;
				TEST_HOST = "$(BUILT_PRODUCTS_DIR)/PropertyLists.app/PropertyLists";
			};
			name = Release;
		};
		6F0494B21EC57AB3000CB379 /* Debug */ = {
			isa = XCBuildConfiguration;
			buildSettings = {
				ALWAYS_EMBED_SWIFT_STANDARD_LIBRARIES = YES;
				INFOPLIST_FILE = PropertyListsUITests/Info.plist;
				LD_RUNPATH_SEARCH_PATHS = "$(inherited) @executable_path/Frameworks @loader_path/Frameworks";
				PRODUCT_BUNDLE_IDENTIFIER = CandySearch.PropertyListsUITests;
				PRODUCT_NAME = "$(TARGET_NAME)";
				SWIFT_VERSION = 3.0;
				TEST_TARGET_NAME = PropertyLists;
			};
			name = Debug;
		};
		6F0494B31EC57AB3000CB379 /* Release */ = {
			isa = XCBuildConfiguration;
			buildSettings = {
				ALWAYS_EMBED_SWIFT_STANDARD_LIBRARIES = YES;
				INFOPLIST_FILE = PropertyListsUITests/Info.plist;
				LD_RUNPATH_SEARCH_PATHS = "$(inherited) @executable_path/Frameworks @loader_path/Frameworks";
				PRODUCT_BUNDLE_IDENTIFIER = CandySearch.PropertyListsUITests;
				PRODUCT_NAME = "$(TARGET_NAME)";
				SWIFT_VERSION = 3.0;
				TEST_TARGET_NAME = PropertyLists;
			};
			name = Release;
		};
/* End XCBuildConfiguration section */

/* Begin XCConfigurationList section */
		6F04947E1EC57AB3000CB379 /* Build configuration list for PBXProject "PropertyLists" */ = {
			isa = XCConfigurationList;
			buildConfigurations = (
				6F0494A91EC57AB3000CB379 /* Debug */,
				6F0494AA1EC57AB3000CB379 /* Release */,
			);
			defaultConfigurationIsVisible = 0;
			defaultConfigurationName = Release;
		};
		6F0494AB1EC57AB3000CB379 /* Build configuration list for PBXNativeTarget "PropertyLists" */ = {
			isa = XCConfigurationList;
			buildConfigurations = (
				6F0494AC1EC57AB3000CB379 /* Debug */,
				6F0494AD1EC57AB3000CB379 /* Release */,
			);
			defaultConfigurationIsVisible = 0;
		};
		6F0494AE1EC57AB3000CB379 /* Build configuration list for PBXNativeTarget "PropertyListsTests" */ = {
			isa = XCConfigurationList;
			buildConfigurations = (
				6F0494AF1EC57AB3000CB379 /* Debug */,
				6F0494B01EC57AB3000CB379 /* Release */,
			);
			defaultConfigurationIsVisible = 0;
		};
		6F0494B11EC57AB3000CB379 /* Build configuration list for PBXNativeTarget "PropertyListsUITests" */ = {
			isa = XCConfigurationList;
			buildConfigurations = (
				6F0494B21EC57AB3000CB379 /* Debug */,
				6F0494B31EC57AB3000CB379 /* Release */,
			);
			defaultConfigurationIsVisible = 0;
		};
/* End XCConfigurationList section */
	};
	rootObject = 6F04947B1EC57AB3000CB379 /* Project object */;
}
